
Microsoft Visual Studio Solution File, Format Version 12.00
# Visual Studio Version 17
VisualStudioVersion = 17.3.32929.385
MinimumVisualStudioVersion = 10.0.40219.1
Project("{FAE04EC0-301F-11D3-BF4B-00C04F79EFBC}") = "carrental2", "carrental2\carrental2.csproj", "{775DB4FC-91A4-4A4C-B608-7A468807B788}"
EndProject
Global
	GlobalSection(SolutionConfigurationPlatforms) = preSolution
		Debug|Any CPU = Debug|Any CPU
		Release|Any CPU = Release|Any CPU
	EndGlobalSection
	GlobalSection(ProjectConfigurationPlatforms) = postSolution
		{775DB4FC-91A4-4A4C-B608-7A468807B788}.Debug|Any CPU.ActiveCfg = Debug|Any CPU
		{775DB4FC-91A4-4A4C-B608-7A468807B788}.Debug|Any CPU.Build.0 = Debug|Any CPU
		{775DB4FC-91A4-4A4C-B608-7A468807B788}.Release|Any CPU.ActiveCfg = Release|Any CPU
		{775DB4FC-91A4-4A4C-B608-7A468807B788}.Release|Any CPU.Build.0 = Release|Any CPU
	EndGlobalSection
	GlobalSection(SolutionProperties) = preSolution
		HideSolutionNode = FALSE
	EndGlobalSection
	GlobalSection(ExtensibilityGlobals) = postSolution
		SolutionGuid = {31FED717-91DB-47ED-8BF8-D79CD603CD6A}
	EndGlobalSection
EndGlobal
